
Microsoft Visual Studio Solution File, Format Version 12.00
# Visual Studio Version 16
VisualStudioVersion = 16.0.30128.74
MinimumVisualStudioVersion = 10.0.40219.1
Project("{9A19103F-16F7-4668-BE54-9A1E7A4F7556}") = "F1Replay", "F1Replay\F1Replay.csproj", "{D014795D-6E4F-4AA6-AF5C-8850EE696040}"
EndProject
Global
	GlobalSection(SolutionConfigurationPlatforms) = preSolution
		Debug|Any CPU = Debug|Any CPU
		Release|Any CPU = Release|Any CPU
	EndGlobalSection
	GlobalSection(ProjectConfigurationPlatforms) = postSolution
		{D014795D-6E4F-4AA6-AF5C-8850EE696040}.Debug|Any CPU.ActiveCfg = Debug|Any CPU
		{D014795D-6E4F-4AA6-AF5C-8850EE696040}.Debug|Any CPU.Build.0 = Debug|Any CPU
		{D014795D-6E4F-4AA6-AF5C-8850EE696040}.Release|Any CPU.ActiveCfg = Release|Any CPU
		{D014795D-6E4F-4AA6-AF5C-8850EE696040}.Release|Any CPU.Build.0 = Release|Any CPU
	EndGlobalSection
	GlobalSection(SolutionProperties) = preSolution
		HideSolutionNode = FALSE
	EndGlobalSection
	GlobalSection(ExtensibilityGlobals) = postSolution
		SolutionGuid = {B629B4EE-B329-44DC-A39E-22E64B509029}
	EndGlobalSection
EndGlobal
